github.com/ShindouMihou/go-little-utils v0.0.1 h1:q98kHbmtmgVq9kxFWyAmboLjV+u5tgyLSov7CLCMq/w=
github.com/ShindouMihou/go-little-utils v0.0.1/go.mod h1:vrRvF4+nmJuiigqYKpaJFdLfkvNG++9PwNSQv2ClaRQ=
github.com/ShindouMihou/go-little-utils v0.0.2 h1:wz1+9oaOGzo9ypGwIeb1f7Tzi/n2Lypn0d2IF5yPpIw=
github.com/ShindouMihou/go-little-utils v0.0.2/go.mod h1:vrRvF4+nmJuiigqYKpaJFdLfkvNG++9PwNSQv2ClaRQ=
github.com/deckarep/golang-set/v2 v2.3.1 h1:vjmkvJt/IV27WXPyYQpAh4bRyWJc5Y435D17XQ9QU5A=
github.com/deckarep/golang-set/v2 v2.3.1/go.mod h1:VAky9rY/yGXJOLEDv3OMci+7wtDpOF4IN+y82NBOac4=
